
Microsoft Visual Studio Solution File, Format Version 12.00
# Visual Studio Version 16
VisualStudioVersion = 16.0.30204.135
MinimumVisualStudioVersion = 10.0.40219.1
Project("{FAE04EC0-301F-11D3-BF4B-00C04F79EFBC}") = "bool IsHelthy", "bool IsHelthy\bool IsHelthy.csproj", "{312E580C-3D1C-44A4-8419-0B9CBEE89199}"
EndProject
Global
	GlobalSection(SolutionConfigurationPlatforms) = preSolution
		Debug|Any CPU = Debug|Any CPU
		Release|Any CPU = Release|Any CPU
	EndGlobalSection
	GlobalSection(ProjectConfigurationPlatforms) = postSolution
		{312E580C-3D1C-44A4-8419-0B9CBEE89199}.Debug|Any CPU.ActiveCfg = Debug|Any CPU
		{312E580C-3D1C-44A4-8419-0B9CBEE89199}.Debug|Any CPU.Build.0 = Debug|Any CPU
		{312E580C-3D1C-44A4-8419-0B9CBEE89199}.Release|Any CPU.ActiveCfg = Release|Any CPU
		{312E580C-3D1C-44A4-8419-0B9CBEE89199}.Release|Any CPU.Build.0 = Release|Any CPU
	EndGlobalSection
	GlobalSection(SolutionProperties) = preSolution
		HideSolutionNode = FALSE
	EndGlobalSection
	GlobalSection(ExtensibilityGlobals) = postSolution
		SolutionGuid = {147710F8-F083-4648-A112-366443D21DC3}
	EndGlobalSection
EndGlobal
